// !$*UTF8*$!
{
    archiveVersion = 1;
    classes = {
    };
    objectVersion = 56;
    objects = {
        /* Resources */
        13B07FAE1A68108700A75B9A /* Resources */ = {
            isa = PBXGroup;
            children = (
                13B07FB71A68108700A75B9A /* warmup_start.wav */,
                13B07FB81A68108700A75B9A /* interval_start.wav */,
                13B07FB91A68108700A75B9A /* break_start.wav */,
                13B07FBA1A68108700A75B9A /* cooldown_start.wav */,
                13B07FBB1A68108700A75B9A /* countdown.wav */,
            );
            name = Resources;
            sourceTree = "<group>";
        };

        /* Build configuration list */
        13B07F931A680F5B00A75B9A /* Debug */ = {
            isa = XCBuildConfiguration;
            buildSettings = {
                ASSETCATALOG_COMPILER_APPICON_NAME = AppIcon;
                CLANG_ENABLE_MODULES = YES;
                CURRENT_PROJECT_VERSION = 1;
                ENABLE_BITCODE = NO;
                INFOPLIST_FILE = IntervalTrainer/Info.plist;
                LD_RUNPATH_SEARCH_PATHS = (
                    "$(inherited)",
                    "@executable_path/Frameworks",
                );
                OTHER_LDFLAGS = (
                    "$(inherited)",
                    "-ObjC",
                    "-lc++",
                );
                PRODUCT_BUNDLE_IDENTIFIER = "org.reactjs.native.example.$(PRODUCT_NAME:rfc1034identifier)";
                PRODUCT_NAME = IntervalTrainer;
                SWIFT_OPTIMIZATION_LEVEL = "-Onone";
                SWIFT_VERSION = 5.0;
                VERSIONING_SYSTEM = "apple-generic";
            };
            name = Debug;
        };
    };
    rootObject = 83CBB9F71A601CBA00E9B192 /* Project object */;
}
